// !$*UTF8*$!
{
	archiveVersion = 1;
	classes = {
	};
	objectVersion = 56;
	objects = {

/* Begin PBXBuildFile section */
		3B2154D42C0DE2C70013501A /* CustomUIActivityIndicator.swift in Sources */ = {isa = PBXBuildFile; fileRef = 3B2154D32C0DE2C70013501A /* CustomUIActivityIndicator.swift */; };
		3B2154E72C0DFE8A0013501A /* FirebaseAuth in Frameworks */ = {isa = PBXBuildFile; productRef = 3B2154E62C0DFE8A0013501A /* FirebaseAuth */; };
		3B2154F32C0DFE8A0013501A /* FirebaseFirestore in Frameworks */ = {isa = PBXBuildFile; productRef = 3B2154F22C0DFE8A0013501A /* FirebaseFirestore */; };
		3B2154F72C0DFE8A0013501A /* FirebaseFirestoreSwift in Frameworks */ = {isa = PBXBuildFile; productRef = 3B2154F62C0DFE8A0013501A /* FirebaseFirestoreSwift */; };
		3B21550D2C0DFE8A0013501A /* FirebaseStorage in Frameworks */ = {isa = PBXBuildFile; productRef = 3B21550C2C0DFE8A0013501A /* FirebaseStorage */; };
		3B2155132C0E00640013501A /* GoogleService-Info.plist in Resources */ = {isa = PBXBuildFile; fileRef = 3B2155122C0E00630013501A /* GoogleService-Info.plist */; };
		3B2155152C0E01050013501A /* SCAuthenticationManager.swift in Sources */ = {isa = PBXBuildFile; fileRef = 3B2155142C0E01050013501A /* SCAuthenticationManager.swift */; };
		3B2155182C0E02AE0013501A /* GoogleSignIn in Frameworks */ = {isa = PBXBuildFile; productRef = 3B2155172C0E02AE0013501A /* GoogleSignIn */; };
		3B21551A2C0E02AE0013501A /* GoogleSignInSwift in Frameworks */ = {isa = PBXBuildFile; productRef = 3B2155192C0E02AE0013501A /* GoogleSignInSwift */; };
		3B21551C2C0E41150013501A /* SignUpViewModel.swift in Sources */ = {isa = PBXBuildFile; fileRef = 3B21551B2C0E41150013501A /* SignUpViewModel.swift */; };
		3B2B052A2BF238F4007F6F52 /* SettingsViewController.swift in Sources */ = {isa = PBXBuildFile; fileRef = 3B2B05292BF238F4007F6F52 /* SettingsViewController.swift */; };
		3B2B052C2BF2390D007F6F52 /* ChannelsViewController.swift in Sources */ = {isa = PBXBuildFile; fileRef = 3B2B052B2BF2390D007F6F52 /* ChannelsViewController.swift */; };
		3B2B052E2BF24C10007F6F52 /* SCTabBarRootController.swift in Sources */ = {isa = PBXBuildFile; fileRef = 3B2B052D2BF24C10007F6F52 /* SCTabBarRootController.swift */; };
		3B2FB3A32BF791AE0099EA65 /* ContactsViewModel.swift in Sources */ = {isa = PBXBuildFile; fileRef = 3B2FB3A22BF791AE0099EA65 /* ContactsViewModel.swift */; };
		3B2FB3A62BF7CB680099EA65 /* RxCocoa in Frameworks */ = {isa = PBXBuildFile; productRef = 3B2FB3A52BF7CB680099EA65 /* RxCocoa */; };
		3B2FB3A82BF7CB680099EA65 /* RxSwift in Frameworks */ = {isa = PBXBuildFile; productRef = 3B2FB3A72BF7CB680099EA65 /* RxSwift */; };
		3B49CCD62BF61F720019323D /* ContactsViewController.swift in Sources */ = {isa = PBXBuildFile; fileRef = 3B49CCD52BF61F720019323D /* ContactsViewController.swift */; };
		3B49CCDA2BF645800019323D /* ContactsTableViewCell.swift in Sources */ = {isa = PBXBuildFile; fileRef = 3B49CCD92BF645800019323D /* ContactsTableViewCell.swift */; };
		3B49CCDC2BF646C70019323D /* SCImageDownloaderManager.swift in Sources */ = {isa = PBXBuildFile; fileRef = 3B49CCDB2BF646C70019323D /* SCImageDownloaderManager.swift */; };
		3B49CCDE2BF662AF0019323D /* Extensions.swift in Sources */ = {isa = PBXBuildFile; fileRef = 3B49CCDD2BF662AF0019323D /* Extensions.swift */; };
		3B49CCE22BF66A450019323D /* ContactsView.swift in Sources */ = {isa = PBXBuildFile; fileRef = 3B49CCE12BF66A450019323D /* ContactsView.swift */; };
		3B51D1DC2BF37A5100145F77 /* NetworkService.swift in Sources */ = {isa = PBXBuildFile; fileRef = 3B51D1DB2BF37A5100145F77 /* NetworkService.swift */; };
		3B51D1DF2BF37CF700145F77 /* ContactsResponseModel.swift in Sources */ = {isa = PBXBuildFile; fileRef = 3B51D1DE2BF37CF700145F77 /* ContactsResponseModel.swift */; };
		3B51D1E12BF380E100145F77 /* ContactsRequestModel.swift in Sources */ = {isa = PBXBuildFile; fileRef = 3B51D1E02BF380E100145F77 /* ContactsRequestModel.swift */; };
		3B51D1E32BF3815B00145F77 /* RequestService.swift in Sources */ = {isa = PBXBuildFile; fileRef = 3B51D1E22BF3815B00145F77 /* RequestService.swift */; };
		3B51D1E52BF381C300145F77 /* Constants.swift in Sources */ = {isa = PBXBuildFile; fileRef = 3B51D1E42BF381C300145F77 /* Constants.swift */; };
		3B51D1F02BF39AB700145F77 /* ChatsViewModel.swift in Sources */ = {isa = PBXBuildFile; fileRef = 3B51D1EF2BF39AB700145F77 /* ChatsViewModel.swift */; };
		3B54F8E62C0A640200FD1827 /* SignUpView.swift in Sources */ = {isa = PBXBuildFile; fileRef = 3B54F8E52C0A640200FD1827 /* SignUpView.swift */; };
		3B54F8E82C0A6D4900FD1827 /* signUp.json in Resources */ = {isa = PBXBuildFile; fileRef = 3B54F8E72C0A6D4900FD1827 /* signUp.json */; };
		3B584FD72C04A69C009BF4D9 /* SignInViewController.swift in Sources */ = {isa = PBXBuildFile; fileRef = 3B584FD62C04A69C009BF4D9 /* SignInViewController.swift */; };
		3B584FDA2C04AA5D009BF4D9 /* Lottie in Frameworks */ = {isa = PBXBuildFile; productRef = 3B584FD92C04AA5D009BF4D9 /* Lottie */; };
		3B584FDC2C04AABD009BF4D9 /* chat.json in Resources */ = {isa = PBXBuildFile; fileRef = 3B584FDB2C04AABD009BF4D9 /* chat.json */; };
		3B584FDE2C04AB08009BF4D9 /* SignInView.swift in Sources */ = {isa = PBXBuildFile; fileRef = 3B584FDD2C04AB08009BF4D9 /* SignInView.swift */; };
		3B584FE02C04ADC4009BF4D9 /* SignInViewModel.swift in Sources */ = {isa = PBXBuildFile; fileRef = 3B584FDF2C04ADC4009BF4D9 /* SignInViewModel.swift */; };
		3B584FE32C04D5F3009BF4D9 /* CustomUITextField.swift in Sources */ = {isa = PBXBuildFile; fileRef = 3B584FE22C04D5F3009BF4D9 /* CustomUITextField.swift */; };
		3B584FE52C05131A009BF4D9 /* CustomUIButton.swift in Sources */ = {isa = PBXBuildFile; fileRef = 3B584FE42C05131A009BF4D9 /* CustomUIButton.swift */; };
		3B6A52082BFCA52D0082B2BE /* ContactSectionModel.swift in Sources */ = {isa = PBXBuildFile; fileRef = 3B6A52072BFCA52D0082B2BE /* ContactSectionModel.swift */; };
		3B9831102C05F79B00434027 /* CustomUILabel.swift in Sources */ = {isa = PBXBuildFile; fileRef = 3B98310F2C05F79B00434027 /* CustomUILabel.swift */; };
		3B9831122C05F9E600434027 /* CustomDivider.swift in Sources */ = {isa = PBXBuildFile; fileRef = 3B9831112C05F9E600434027 /* CustomDivider.swift */; };
		3B9831142C05FAFB00434027 /* CustomLottieAnimation.swift in Sources */ = {isa = PBXBuildFile; fileRef = 3B9831132C05FAFB00434027 /* CustomLottieAnimation.swift */; };
		3B9831172C060E3900434027 /* CustomUIStackView.swift in Sources */ = {isa = PBXBuildFile; fileRef = 3B9831162C060E3900434027 /* CustomUIStackView.swift */; };
		3B98311D2C06151900434027 /* SignUpViewController.swift in Sources */ = {isa = PBXBuildFile; fileRef = 3B98311C2C06151900434027 /* SignUpViewController.swift */; };
		3B9A78582BEE57CD00943945 /* AppDelegate.swift in Sources */ = {isa = PBXBuildFile; fileRef = 3B9A78572BEE57CD00943945 /* AppDelegate.swift */; };
		3B9A785A2BEE57CD00943945 /* SceneDelegate.swift in Sources */ = {isa = PBXBuildFile; fileRef = 3B9A78592BEE57CD00943945 /* SceneDelegate.swift */; };
		3B9A785C2BEE57CD00943945 /* ChatViewController.swift in Sources */ = {isa = PBXBuildFile; fileRef = 3B9A785B2BEE57CD00943945 /* ChatViewController.swift */; };
		3B9A78612BEE57CE00943945 /* Assets.xcassets in Resources */ = {isa = PBXBuildFile; fileRef = 3B9A78602BEE57CE00943945 /* Assets.xcassets */; };
		3BD74D3D2C15B8B1009399A3 /* UserProfileModel.swift in Sources */ = {isa = PBXBuildFile; fileRef = 3BD74D3C2C15B8B1009399A3 /* UserProfileModel.swift */; };
		3BD74D3F2C15B9B5009399A3 /* SCDatabaseManager.swift in Sources */ = {isa = PBXBuildFile; fileRef = 3BD74D3E2C15B9B5009399A3 /* SCDatabaseManager.swift */; };
		3BD74D412C15DEC8009399A3 /* SCMediaStorageManager.swift in Sources */ = {isa = PBXBuildFile; fileRef = 3BD74D402C15DEC8009399A3 /* SCMediaStorageManager.swift */; };
		3BD74D432C15E189009399A3 /* MediaStorageFolder.swift in Sources */ = {isa = PBXBuildFile; fileRef = 3BD74D422C15E189009399A3 /* MediaStorageFolder.swift */; };
		3BF96C362C0F4F5B00CA3ED3 /* SettingsView.swift in Sources */ = {isa = PBXBuildFile; fileRef = 3BF96C352C0F4F5B00CA3ED3 /* SettingsView.swift */; };
		3BF96C382C0F50A400CA3ED3 /* SettingsViewModel.swift in Sources */ = {isa = PBXBuildFile; fileRef = 3BF96C372C0F50A400CA3ED3 /* SettingsViewModel.swift */; };
		3BF96C3A2C0F9E5800CA3ED3 /* AlertTypes.swift in Sources */ = {isa = PBXBuildFile; fileRef = 3BF96C392C0F9E5800CA3ED3 /* AlertTypes.swift */; };
		3BF96C3C2C0FA54600CA3ED3 /* SCAlertmanager.swift in Sources */ = {isa = PBXBuildFile; fileRef = 3BF96C3B2C0FA54600CA3ED3 /* SCAlertmanager.swift */; };
/* End PBXBuildFile section */

/* Begin PBXFileReference section */
		3B2154D32C0DE2C70013501A /* CustomUIActivityIndicator.swift */ = {isa = PBXFileReference; lastKnownFileType = sourcecode.swift; path = CustomUIActivityIndicator.swift; sourceTree = "<group>"; };
		3B2155122C0E00630013501A /* GoogleService-Info.plist */ = {isa = PBXFileReference; fileEncoding = 4; lastKnownFileType = text.plist.xml; path = "GoogleService-Info.plist"; sourceTree = "<group>"; };
		3B2155142C0E01050013501A /* SCAuthenticationManager.swift */ = {isa = PBXFileReference; lastKnownFileType = sourcecode.swift; path = SCAuthenticationManager.swift; sourceTree = "<group>"; };
		3B21551B2C0E41150013501A /* SignUpViewModel.swift */ = {isa = PBXFileReference; lastKnownFileType = sourcecode.swift; path = SignUpViewModel.swift; sourceTree = "<group>"; };
		3B2B05292BF238F4007F6F52 /* SettingsViewController.swift */ = {isa = PBXFileReference; lastKnownFileType = sourcecode.swift; path = SettingsViewController.swift; sourceTree = "<group>"; };
		3B2B052B2BF2390D007F6F52 /* ChannelsViewController.swift */ = {isa = PBXFileReference; lastKnownFileType = sourcecode.swift; path = ChannelsViewController.swift; sourceTree = "<group>"; };
		3B2B052D2BF24C10007F6F52 /* SCTabBarRootController.swift */ = {isa = PBXFileReference; lastKnownFileType = sourcecode.swift; path = SCTabBarRootController.swift; sourceTree = "<group>"; };
		3B2FB3A22BF791AE0099EA65 /* ContactsViewModel.swift */ = {isa = PBXFileReference; lastKnownFileType = sourcecode.swift; path = ContactsViewModel.swift; sourceTree = "<group>"; };
		3B49CCD52BF61F720019323D /* ContactsViewController.swift */ = {isa = PBXFileReference; lastKnownFileType = sourcecode.swift; path = ContactsViewController.swift; sourceTree = "<group>"; };
		3B49CCD92BF645800019323D /* ContactsTableViewCell.swift */ = {isa = PBXFileReference; lastKnownFileType = sourcecode.swift; path = ContactsTableViewCell.swift; sourceTree = "<group>"; };
		3B49CCDB2BF646C70019323D /* SCImageDownloaderManager.swift */ = {isa = PBXFileReference; lastKnownFileType = sourcecode.swift; path = SCImageDownloaderManager.swift; sourceTree = "<group>"; };
		3B49CCDD2BF662AF0019323D /* Extensions.swift */ = {isa = PBXFileReference; lastKnownFileType = sourcecode.swift; path = Extensions.swift; sourceTree = "<group>"; };
		3B49CCE12BF66A450019323D /* ContactsView.swift */ = {isa = PBXFileReference; lastKnownFileType = sourcecode.swift; path = ContactsView.swift; sourceTree = "<group>"; };
		3B51D1DB2BF37A5100145F77 /* NetworkService.swift */ = {isa = PBXFileReference; lastKnownFileType = sourcecode.swift; path = NetworkService.swift; sourceTree = "<group>"; };
		3B51D1DE2BF37CF700145F77 /* ContactsResponseModel.swift */ = {isa = PBXFileReference; lastKnownFileType = sourcecode.swift; path = ContactsResponseModel.swift; sourceTree = "<group>"; };
		3B51D1E02BF380E100145F77 /* ContactsRequestModel.swift */ = {isa = PBXFileReference; lastKnownFileType = sourcecode.swift; path = ContactsRequestModel.swift; sourceTree = "<group>"; };
		3B51D1E22BF3815B00145F77 /* RequestService.swift */ = {isa = PBXFileReference; lastKnownFileType = sourcecode.swift; path = RequestService.swift; sourceTree = "<group>"; };
		3B51D1E42BF381C300145F77 /* Constants.swift */ = {isa = PBXFileReference; lastKnownFileType = sourcecode.swift; path = Constants.swift; sourceTree = "<group>"; };
		3B51D1EF2BF39AB700145F77 /* ChatsViewModel.swift */ = {isa = PBXFileReference; lastKnownFileType = sourcecode.swift; path = ChatsViewModel.swift; sourceTree = "<group>"; };
		3B54F8E52C0A640200FD1827 /* SignUpView.swift */ = {isa = PBXFileReference; lastKnownFileType = sourcecode.swift; path = SignUpView.swift; sourceTree = "<group>"; };
		3B54F8E72C0A6D4900FD1827 /* signUp.json */ = {isa = PBXFileReference; fileEncoding = 4; lastKnownFileType = text.json; path = signUp.json; sourceTree = "<group>"; };
		3B584FD62C04A69C009BF4D9 /* SignInViewController.swift */ = {isa = PBXFileReference; lastKnownFileType = sourcecode.swift; path = SignInViewController.swift; sourceTree = "<group>"; };
		3B584FDB2C04AABD009BF4D9 /* chat.json */ = {isa = PBXFileReference; fileEncoding = 4; lastKnownFileType = text.json; path = chat.json; sourceTree = "<group>"; };
		3B584FDD2C04AB08009BF4D9 /* SignInView.swift */ = {isa = PBXFileReference; lastKnownFileType = sourcecode.swift; path = SignInView.swift; sourceTree = "<group>"; };
		3B584FDF2C04ADC4009BF4D9 /* SignInViewModel.swift */ = {isa = PBXFileReference; lastKnownFileType = sourcecode.swift; path = SignInViewModel.swift; sourceTree = "<group>"; };
		3B584FE22C04D5F3009BF4D9 /* CustomUITextField.swift */ = {isa = PBXFileReference; lastKnownFileType = sourcecode.swift; path = CustomUITextField.swift; sourceTree = "<group>"; };
		3B584FE42C05131A009BF4D9 /* CustomUIButton.swift */ = {isa = PBXFileReference; lastKnownFileType = sourcecode.swift; path = CustomUIButton.swift; sourceTree = "<group>"; };
		3B6A52072BFCA52D0082B2BE /* ContactSectionModel.swift */ = {isa = PBXFileReference; lastKnownFileType = sourcecode.swift; path = ContactSectionModel.swift; sourceTree = "<group>"; };
		3B98310F2C05F79B00434027 /* CustomUILabel.swift */ = {isa = PBXFileReference; lastKnownFileType = sourcecode.swift; path = CustomUILabel.swift; sourceTree = "<group>"; };
		3B9831112C05F9E600434027 /* CustomDivider.swift */ = {isa = PBXFileReference; lastKnownFileType = sourcecode.swift; path = CustomDivider.swift; sourceTree = "<group>"; };
		3B9831132C05FAFB00434027 /* CustomLottieAnimation.swift */ = {isa = PBXFileReference; lastKnownFileType = sourcecode.swift; path = CustomLottieAnimation.swift; sourceTree = "<group>"; };
		3B9831162C060E3900434027 /* CustomUIStackView.swift */ = {isa = PBXFileReference; lastKnownFileType = sourcecode.swift; path = CustomUIStackView.swift; sourceTree = "<group>"; };
		3B98311C2C06151900434027 /* SignUpViewController.swift */ = {isa = PBXFileReference; lastKnownFileType = sourcecode.swift; path = SignUpViewController.swift; sourceTree = "<group>"; };
		3B9A78542BEE57CD00943945 /* SwiftChat.app */ = {isa = PBXFileReference; explicitFileType = wrapper.application; includeInIndex = 0; path = SwiftChat.app; sourceTree = BUILT_PRODUCTS_DIR; };
		3B9A78572BEE57CD00943945 /* AppDelegate.swift */ = {isa = PBXFileReference; lastKnownFileType = sourcecode.swift; path = AppDelegate.swift; sourceTree = "<group>"; };
		3B9A78592BEE57CD00943945 /* SceneDelegate.swift */ = {isa = PBXFileReference; lastKnownFileType = sourcecode.swift; path = SceneDelegate.swift; sourceTree = "<group>"; };
		3B9A785B2BEE57CD00943945 /* ChatViewController.swift */ = {isa = PBXFileReference; lastKnownFileType = sourcecode.swift; path = ChatViewController.swift; sourceTree = "<group>"; };
		3B9A78602BEE57CE00943945 /* Assets.xcassets */ = {isa = PBXFileReference; lastKnownFileType = folder.assetcatalog; path = Assets.xcassets; sourceTree = "<group>"; };
		3B9A78652BEE57CE00943945 /* Info.plist */ = {isa = PBXFileReference; lastKnownFileType = text.plist.xml; path = Info.plist; sourceTree = "<group>"; };
		3BD74D3C2C15B8B1009399A3 /* UserProfileModel.swift */ = {isa = PBXFileReference; lastKnownFileType = sourcecode.swift; path = UserProfileModel.swift; sourceTree = "<group>"; };
		3BD74D3E2C15B9B5009399A3 /* SCDatabaseManager.swift */ = {isa = PBXFileReference; lastKnownFileType = sourcecode.swift; path = SCDatabaseManager.swift; sourceTree = "<group>"; };
		3BD74D402C15DEC8009399A3 /* SCMediaStorageManager.swift */ = {isa = PBXFileReference; lastKnownFileType = sourcecode.swift; path = SCMediaStorageManager.swift; sourceTree = "<group>"; };
		3BD74D422C15E189009399A3 /* MediaStorageFolder.swift */ = {isa = PBXFileReference; lastKnownFileType = sourcecode.swift; path = MediaStorageFolder.swift; sourceTree = "<group>"; };
		3BF96C352C0F4F5B00CA3ED3 /* SettingsView.swift */ = {isa = PBXFileReference; lastKnownFileType = sourcecode.swift; path = SettingsView.swift; sourceTree = "<group>"; };
		3BF96C372C0F50A400CA3ED3 /* SettingsViewModel.swift */ = {isa = PBXFileReference; lastKnownFileType = sourcecode.swift; path = SettingsViewModel.swift; sourceTree = "<group>"; };
		3BF96C392C0F9E5800CA3ED3 /* AlertTypes.swift */ = {isa = PBXFileReference; lastKnownFileType = sourcecode.swift; path = AlertTypes.swift; sourceTree = "<group>"; };
		3BF96C3B2C0FA54600CA3ED3 /* SCAlertmanager.swift */ = {isa = PBXFileReference; lastKnownFileType = sourcecode.swift; path = SCAlertmanager.swift; sourceTree = "<group>"; };
/* End PBXFileReference section */

/* Begin PBXFrameworksBuildPhase section */
		3B9A78512BEE57CD00943945 /* Frameworks */ = {
			isa = PBXFrameworksBuildPhase;
			buildActionMask = 2147483647;
			files = (
				3B21551A2C0E02AE0013501A /* GoogleSignInSwift in Frameworks */,
				3B2154E72C0DFE8A0013501A /* FirebaseAuth in Frameworks */,
				3B2155182C0E02AE0013501A /* GoogleSignIn in Frameworks */,
				3B21550D2C0DFE8A0013501A /* FirebaseStorage in Frameworks */,
				3B2154F32C0DFE8A0013501A /* FirebaseFirestore in Frameworks */,
				3B2FB3A82BF7CB680099EA65 /* RxSwift in Frameworks */,
				3B2FB3A62BF7CB680099EA65 /* RxCocoa in Frameworks */,
				3B584FDA2C04AA5D009BF4D9 /* Lottie in Frameworks */,
				3B2154F72C0DFE8A0013501A /* FirebaseFirestoreSwift in Frameworks */,
			);
			runOnlyForDeploymentPostprocessing = 0;
		};
/* End PBXFrameworksBuildPhase section */

/* Begin PBXGroup section */
		3B2154D92C0DFE8A0013501A /* Frameworks */ = {
			isa = PBXGroup;
			children = (
			);
			name = Frameworks;
			sourceTree = "<group>";
		};
		3B2B05232BF23884007F6F52 /* Utilities */ = {
			isa = PBXGroup;
			children = (
				3B2B05262BF238AB007F6F52 /* Resources */,
				3B2B05252BF2389A007F6F52 /* Managers */,
				3B2B05242BF2388E007F6F52 /* Helpers */,
			);
			path = Utilities;
			sourceTree = "<group>";
		};
		3B2B05242BF2388E007F6F52 /* Helpers */ = {
			isa = PBXGroup;
			children = (
				3B51D1E42BF381C300145F77 /* Constants.swift */,
				3B49CCDD2BF662AF0019323D /* Extensions.swift */,
			);
			path = Helpers;
			sourceTree = "<group>";
		};
		3B2B05252BF2389A007F6F52 /* Managers */ = {
			isa = PBXGroup;
			children = (
				3B49CCDB2BF646C70019323D /* SCImageDownloaderManager.swift */,
				3B2155142C0E01050013501A /* SCAuthenticationManager.swift */,
				3BD74D3E2C15B9B5009399A3 /* SCDatabaseManager.swift */,
				3BD74D402C15DEC8009399A3 /* SCMediaStorageManager.swift */,
				3BF96C3B2C0FA54600CA3ED3 /* SCAlertmanager.swift */,
			);
			path = Managers;
			sourceTree = "<group>";
		};
		3B2B05262BF238AB007F6F52 /* Resources */ = {
			isa = PBXGroup;
			children = (
				3B9A78572BEE57CD00943945 /* AppDelegate.swift */,
				3B9A78592BEE57CD00943945 /* SceneDelegate.swift */,
				3B54F8E72C0A6D4900FD1827 /* signUp.json */,
				3B584FDB2C04AABD009BF4D9 /* chat.json */,
				3B9A78602BEE57CE00943945 /* Assets.xcassets */,
			);
			path = Resources;
			sourceTree = "<group>";
		};
		3B2B05272BF238D2007F6F52 /* Core */ = {
			isa = PBXGroup;
			children = (
				3B2B05282BF238D8007F6F52 /* RootController */,
				3B584FD22C04A62B009BF4D9 /* Sign In */,
				3B9831182C0614AF00434027 /* SignUp */,
				3B51D1E62BF39A0F00145F77 /* Chats */,
				3B49CCD22BF61EF60019323D /* Contacts */,
				3B51D1E92BF39A4A00145F77 /* Channels */,
				3B51D1EC2BF39A6C00145F77 /* Settings */,
				3B584FE12C04D5B7009BF4D9 /* Components */,
			);
			path = Core;
			sourceTree = "<group>";
		};
		3B2B05282BF238D8007F6F52 /* RootController */ = {
			isa = PBXGroup;
			children = (
				3B2B052D2BF24C10007F6F52 /* SCTabBarRootController.swift */,
			);
			path = RootController;
			sourceTree = "<group>";
		};
		3B49CCD22BF61EF60019323D /* Contacts */ = {
			isa = PBXGroup;
			children = (
				3B49CCD42BF61F120019323D /* ViewController */,
				3B49CCD82BF6455E0019323D /* Views */,
				3B49CCD32BF61F090019323D /* ViewModel */,
			);
			path = Contacts;
			sourceTree = "<group>";
		};
		3B49CCD32BF61F090019323D /* ViewModel */ = {
			isa = PBXGroup;
			children = (
				3B2FB3A22BF791AE0099EA65 /* ContactsViewModel.swift */,
			);
			path = ViewModel;
			sourceTree = "<group>";
		};
		3B49CCD42BF61F120019323D /* ViewController */ = {
			isa = PBXGroup;
			children = (
				3B49CCD52BF61F720019323D /* ContactsViewController.swift */,
			);
			path = ViewController;
			sourceTree = "<group>";
		};
		3B49CCD72BF645280019323D /* Views */ = {
			isa = PBXGroup;
			children = (
			);
			path = Views;
			sourceTree = "<group>";
		};
		3B49CCD82BF6455E0019323D /* Views */ = {
			isa = PBXGroup;
			children = (
				3B49CCE12BF66A450019323D /* ContactsView.swift */,
				3B49CCD92BF645800019323D /* ContactsTableViewCell.swift */,
			);
			path = Views;
			sourceTree = "<group>";
		};
		3B51D1DA2BF37A3300145F77 /* Services */ = {
			isa = PBXGroup;
			children = (
				3B51D1DB2BF37A5100145F77 /* NetworkService.swift */,
				3B51D1E22BF3815B00145F77 /* RequestService.swift */,
			);
			path = Services;
			sourceTree = "<group>";
		};
		3B51D1DD2BF37CE300145F77 /* Models */ = {
			isa = PBXGroup;
			children = (
				3B51D1DE2BF37CF700145F77 /* ContactsResponseModel.swift */,
				3B51D1E02BF380E100145F77 /* ContactsRequestModel.swift */,
				3B6A52072BFCA52D0082B2BE /* ContactSectionModel.swift */,
				3BD74D3C2C15B8B1009399A3 /* UserProfileModel.swift */,
				3BD74D422C15E189009399A3 /* MediaStorageFolder.swift */,
				3BF96C392C0F9E5800CA3ED3 /* AlertTypes.swift */,
			);
			path = Models;
			sourceTree = "<group>";
		};
		3B51D1E62BF39A0F00145F77 /* Chats */ = {
			isa = PBXGroup;
			children = (
				3B51D1E72BF39A1800145F77 /* ViewController */,
				3B49CCD72BF645280019323D /* Views */,
				3B51D1E82BF39A2F00145F77 /* ViewModel */,
			);
			path = Chats;
			sourceTree = "<group>";
		};
		3B51D1E72BF39A1800145F77 /* ViewController */ = {
			isa = PBXGroup;
			children = (
				3B9A785B2BEE57CD00943945 /* ChatViewController.swift */,
			);
			path = ViewController;
			sourceTree = "<group>";
		};
		3B51D1E82BF39A2F00145F77 /* ViewModel */ = {
			isa = PBXGroup;
			children = (
				3B51D1EF2BF39AB700145F77 /* ChatsViewModel.swift */,
			);
			path = ViewModel;
			sourceTree = "<group>";
		};
		3B51D1E92BF39A4A00145F77 /* Channels */ = {
			isa = PBXGroup;
			children = (
				3B51D1EA2BF39A5100145F77 /* ViewController */,
				3B51D1EB2BF39A5E00145F77 /* ViewModels */,
			);
			path = Channels;
			sourceTree = "<group>";
		};
		3B51D1EA2BF39A5100145F77 /* ViewController */ = {
			isa = PBXGroup;
			children = (
				3B2B052B2BF2390D007F6F52 /* ChannelsViewController.swift */,
			);
			path = ViewController;
			sourceTree = "<group>";
		};
		3B51D1EB2BF39A5E00145F77 /* ViewModels */ = {
			isa = PBXGroup;
			children = (
			);
			path = ViewModels;
			sourceTree = "<group>";
		};
		3B51D1EC2BF39A6C00145F77 /* Settings */ = {
			isa = PBXGroup;
			children = (
				3B51D1ED2BF39A7500145F77 /* ViewController */,
				3BF96C342C0F4F4400CA3ED3 /* Views */,
				3B51D1EE2BF39A7C00145F77 /* ViewModel */,
			);
			path = Settings;
			sourceTree = "<group>";
		};
		3B51D1ED2BF39A7500145F77 /* ViewController */ = {
			isa = PBXGroup;
			children = (
				3B2B05292BF238F4007F6F52 /* SettingsViewController.swift */,
			);
			path = ViewController;
			sourceTree = "<group>";
		};
		3B51D1EE2BF39A7C00145F77 /* ViewModel */ = {
			isa = PBXGroup;
			children = (
				3BF96C372C0F50A400CA3ED3 /* SettingsViewModel.swift */,
			);
			path = ViewModel;
			sourceTree = "<group>";
		};
		3B584FD22C04A62B009BF4D9 /* Sign In */ = {
			isa = PBXGroup;
			children = (
				3B584FD32C04A663009BF4D9 /* ViewController */,
				3B584FD42C04A66C009BF4D9 /* Views */,
				3B584FD52C04A677009BF4D9 /* ViewModel */,
			);
			path = "Sign In";
			sourceTree = "<group>";
		};
		3B584FD32C04A663009BF4D9 /* ViewController */ = {
			isa = PBXGroup;
			children = (
				3B584FD62C04A69C009BF4D9 /* SignInViewController.swift */,
			);
			path = ViewController;
			sourceTree = "<group>";
		};
		3B584FD42C04A66C009BF4D9 /* Views */ = {
			isa = PBXGroup;
			children = (
				3B584FDD2C04AB08009BF4D9 /* SignInView.swift */,
			);
			path = Views;
			sourceTree = "<group>";
		};
		3B584FD52C04A677009BF4D9 /* ViewModel */ = {
			isa = PBXGroup;
			children = (
				3B584FDF2C04ADC4009BF4D9 /* SignInViewModel.swift */,
			);
			path = ViewModel;
			sourceTree = "<group>";
		};
		3B584FE12C04D5B7009BF4D9 /* Components */ = {
			isa = PBXGroup;
			children = (
				3B584FE22C04D5F3009BF4D9 /* CustomUITextField.swift */,
				3B584FE42C05131A009BF4D9 /* CustomUIButton.swift */,
				3B98310F2C05F79B00434027 /* CustomUILabel.swift */,
				3B9831162C060E3900434027 /* CustomUIStackView.swift */,
				3B9831112C05F9E600434027 /* CustomDivider.swift */,
				3B9831132C05FAFB00434027 /* CustomLottieAnimation.swift */,
				3B2154D32C0DE2C70013501A /* CustomUIActivityIndicator.swift */,
			);
			path = Components;
			sourceTree = "<group>";
		};
		3B9831182C0614AF00434027 /* SignUp */ = {
			isa = PBXGroup;
			children = (
				3B9831192C0614BC00434027 /* ViewController */,
				3B98311A2C0614C400434027 /* Views */,
				3B98311B2C0614DE00434027 /* ViewModel */,
			);
			path = SignUp;
			sourceTree = "<group>";
		};
		3B9831192C0614BC00434027 /* ViewController */ = {
			isa = PBXGroup;
			children = (
				3B98311C2C06151900434027 /* SignUpViewController.swift */,
			);
			path = ViewController;
			sourceTree = "<group>";
		};
		3B98311A2C0614C400434027 /* Views */ = {
			isa = PBXGroup;
			children = (
				3B54F8E52C0A640200FD1827 /* SignUpView.swift */,
			);
			path = Views;
			sourceTree = "<group>";
		};
		3B98311B2C0614DE00434027 /* ViewModel */ = {
			isa = PBXGroup;
			children = (
				3B21551B2C0E41150013501A /* SignUpViewModel.swift */,
			);
			path = ViewModel;
			sourceTree = "<group>";
		};
		3B9A784B2BEE57CD00943945 = {
			isa = PBXGroup;
			children = (
				3B9A78562BEE57CD00943945 /* SwiftChat */,
				3B9A78552BEE57CD00943945 /* Products */,
				3B2154D92C0DFE8A0013501A /* Frameworks */,
			);
			sourceTree = "<group>";
		};
		3B9A78552BEE57CD00943945 /* Products */ = {
			isa = PBXGroup;
			children = (
				3B9A78542BEE57CD00943945 /* SwiftChat.app */,
			);
			name = Products;
			sourceTree = "<group>";
		};
		3B9A78562BEE57CD00943945 /* SwiftChat */ = {
			isa = PBXGroup;
			children = (
				3B2B05272BF238D2007F6F52 /* Core */,
				3B51D1DA2BF37A3300145F77 /* Services */,
				3B51D1DD2BF37CE300145F77 /* Models */,
				3B2B05232BF23884007F6F52 /* Utilities */,
				3B9A78652BEE57CE00943945 /* Info.plist */,
				3B2155122C0E00630013501A /* GoogleService-Info.plist */,
			);
			path = SwiftChat;
			sourceTree = "<group>";
		};
		3BF96C342C0F4F4400CA3ED3 /* Views */ = {
			isa = PBXGroup;
			children = (
				3BF96C352C0F4F5B00CA3ED3 /* SettingsView.swift */,
			);
			path = Views;
			sourceTree = "<group>";
		};
/* End PBXGroup section */

/* Begin PBXNativeTarget section */
		3B9A78532BEE57CD00943945 /* SwiftChat */ = {
			isa = PBXNativeTarget;
			buildConfigurationList = 3B9A78682BEE57CE00943945 /* Build configuration list for PBXNativeTarget "SwiftChat" */;
			buildPhases = (
				3B9A78502BEE57CD00943945 /* Sources */,
				3B9A78512BEE57CD00943945 /* Frameworks */,
				3B9A78522BEE57CD00943945 /* Resources */,
			);
			buildRules = (
			);
			dependencies = (
			);
			name = SwiftChat;
			packageProductDependencies = (
				3B2FB3A52BF7CB680099EA65 /* RxCocoa */,
				3B2FB3A72BF7CB680099EA65 /* RxSwift */,
				3B584FD92C04AA5D009BF4D9 /* Lottie */,
				3B2154E62C0DFE8A0013501A /* FirebaseAuth */,
				3B2154F22C0DFE8A0013501A /* FirebaseFirestore */,
				3B2154F62C0DFE8A0013501A /* FirebaseFirestoreSwift */,
				3B21550C2C0DFE8A0013501A /* FirebaseStorage */,
				3B2155172C0E02AE0013501A /* GoogleSignIn */,
				3B2155192C0E02AE0013501A /* GoogleSignInSwift */,
			);
			productName = SwiftChat;
			productReference = 3B9A78542BEE57CD00943945 /* SwiftChat.app */;
			productType = "com.apple.product-type.application";
		};
/* End PBXNativeTarget section */

/* Begin PBXProject section */
		3B9A784C2BEE57CD00943945 /* Project object */ = {
			isa = PBXProject;
			attributes = {
				BuildIndependentTargetsInParallel = 1;
				LastSwiftUpdateCheck = 1530;
				LastUpgradeCheck = 1530;
				TargetAttributes = {
					3B9A78532BEE57CD00943945 = {
						CreatedOnToolsVersion = 15.3;
					};
				};
			};
			buildConfigurationList = 3B9A784F2BEE57CD00943945 /* Build configuration list for PBXProject "SwiftChat" */;
			compatibilityVersion = "Xcode 14.0";
			developmentRegion = en;
			hasScannedForEncodings = 0;
			knownRegions = (
				en,
				Base,
			);
			mainGroup = 3B9A784B2BEE57CD00943945;
			packageReferences = (
				3B2FB3A42BF7CB680099EA65 /* XCRemoteSwiftPackageReference "RxSwift" */,
				3B584FD82C04AA5D009BF4D9 /* XCRemoteSwiftPackageReference "lottie-ios" */,
				3B2154D82C0DFD8B0013501A /* XCRemoteSwiftPackageReference "firebase-ios-sdk" */,
				3B2155162C0E02AE0013501A /* XCRemoteSwiftPackageReference "GoogleSignIn-iOS" */,
			);
			productRefGroup = 3B9A78552BEE57CD00943945 /* Products */;
			projectDirPath = "";
			projectRoot = "";
			targets = (
				3B9A78532BEE57CD00943945 /* SwiftChat */,
			);
		};
/* End PBXProject section */

/* Begin PBXResourcesBuildPhase section */
		3B9A78522BEE57CD00943945 /* Resources */ = {
			isa = PBXResourcesBuildPhase;
			buildActionMask = 2147483647;
			files = (
				3B9A78612BEE57CE00943945 /* Assets.xcassets in Resources */,
				3B2155132C0E00640013501A /* GoogleService-Info.plist in Resources */,
				3B54F8E82C0A6D4900FD1827 /* signUp.json in Resources */,
				3B584FDC2C04AABD009BF4D9 /* chat.json in Resources */,
			);
			runOnlyForDeploymentPostprocessing = 0;
		};
/* End PBXResourcesBuildPhase section */

/* Begin PBXSourcesBuildPhase section */
		3B9A78502BEE57CD00943945 /* Sources */ = {
			isa = PBXSourcesBuildPhase;
			buildActionMask = 2147483647;
			files = (
				3BD74D3F2C15B9B5009399A3 /* SCDatabaseManager.swift in Sources */,
				3B49CCDA2BF645800019323D /* ContactsTableViewCell.swift in Sources */,
				3B2B052C2BF2390D007F6F52 /* ChannelsViewController.swift in Sources */,
				3B49CCD62BF61F720019323D /* ContactsViewController.swift in Sources */,
				3B584FE32C04D5F3009BF4D9 /* CustomUITextField.swift in Sources */,
				3B51D1E52BF381C300145F77 /* Constants.swift in Sources */,
				3BF96C362C0F4F5B00CA3ED3 /* SettingsView.swift in Sources */,
				3B51D1E12BF380E100145F77 /* ContactsRequestModel.swift in Sources */,
				3BD74D412C15DEC8009399A3 /* SCMediaStorageManager.swift in Sources */,
				3B9A785C2BEE57CD00943945 /* ChatViewController.swift in Sources */,
				3BD74D3D2C15B8B1009399A3 /* UserProfileModel.swift in Sources */,
				3B9831102C05F79B00434027 /* CustomUILabel.swift in Sources */,
				3B51D1E32BF3815B00145F77 /* RequestService.swift in Sources */,
				3B2155152C0E01050013501A /* SCAuthenticationManager.swift in Sources */,
				3B2FB3A32BF791AE0099EA65 /* ContactsViewModel.swift in Sources */,
				3B584FE02C04ADC4009BF4D9 /* SignInViewModel.swift in Sources */,
				3BD74D432C15E189009399A3 /* MediaStorageFolder.swift in Sources */,
				3B584FD72C04A69C009BF4D9 /* SignInViewController.swift in Sources */,
				3B9831172C060E3900434027 /* CustomUIStackView.swift in Sources */,
				3B6A52082BFCA52D0082B2BE /* ContactSectionModel.swift in Sources */,
				3B9A78582BEE57CD00943945 /* AppDelegate.swift in Sources */,
				3B51D1F02BF39AB700145F77 /* ChatsViewModel.swift in Sources */,
				3B54F8E62C0A640200FD1827 /* SignUpView.swift in Sources */,
				3B98311D2C06151900434027 /* SignUpViewController.swift in Sources */,
				3BF96C3C2C0FA54600CA3ED3 /* SCAlertmanager.swift in Sources */,
				3BF96C382C0F50A400CA3ED3 /* SettingsViewModel.swift in Sources */,
				3B2154D42C0DE2C70013501A /* CustomUIActivityIndicator.swift in Sources */,
				3B2B052E2BF24C10007F6F52 /* SCTabBarRootController.swift in Sources */,
				3B9A785A2BEE57CD00943945 /* SceneDelegate.swift in Sources */,
				3B49CCDE2BF662AF0019323D /* Extensions.swift in Sources */,
				3B9831122C05F9E600434027 /* CustomDivider.swift in Sources */,
				3B584FDE2C04AB08009BF4D9 /* SignInView.swift in Sources */,
				3B9831142C05FAFB00434027 /* CustomLottieAnimation.swift in Sources */,
				3B49CCDC2BF646C70019323D /* SCImageDownloaderManager.swift in Sources */,
				3B51D1DF2BF37CF700145F77 /* ContactsResponseModel.swift in Sources */,
				3B584FE52C05131A009BF4D9 /* CustomUIButton.swift in Sources */,
				3B49CCE22BF66A450019323D /* ContactsView.swift in Sources */,
				3BF96C3A2C0F9E5800CA3ED3 /* AlertTypes.swift in Sources */,
				3B2B052A2BF238F4007F6F52 /* SettingsViewController.swift in Sources */,
				3B21551C2C0E41150013501A /* SignUpViewModel.swift in Sources */,
				3B51D1DC2BF37A5100145F77 /* NetworkService.swift in Sources */,
			);
			runOnlyForDeploymentPostprocessing = 0;
		};
/* End PBXSourcesBuildPhase section */

/* Begin XCBuildConfiguration section */
		3B9A78662BEE57CE00943945 /* Debug */ = {
			isa = XCBuildConfiguration;
			buildSettings = {
				ALWAYS_SEARCH_USER_PATHS = NO;
				ASSETCATALOG_COMPILER_GENERATE_SWIFT_ASSET_SYMBOL_EXTENSIONS = YES;
				CLANG_ANALYZER_NONNULL = YES;
				CLANG_ANALYZER_NUMBER_OBJECT_CONVERSION = YES_AGGRESSIVE;
				CLANG_CXX_LANGUAGE_STANDARD = "gnu++20";
				CLANG_ENABLE_MODULES = YES;
				CLANG_ENABLE_OBJC_ARC = YES;
				CLANG_ENABLE_OBJC_WEAK = YES;
				CLANG_WARN_BLOCK_CAPTURE_AUTORELEASING = YES;
				CLANG_WARN_BOOL_CONVERSION = YES;
				CLANG_WARN_COMMA = YES;
				CLANG_WARN_CONSTANT_CONVERSION = YES;
				CLANG_WARN_DEPRECATED_OBJC_IMPLEMENTATIONS = YES;
				CLANG_WARN_DIRECT_OBJC_ISA_USAGE = YES_ERROR;
				CLANG_WARN_DOCUMENTATION_COMMENTS = YES;
				CLANG_WARN_EMPTY_BODY = YES;
				CLANG_WARN_ENUM_CONVERSION = YES;
				CLANG_WARN_INFINITE_RECURSION = YES;
				CLANG_WARN_INT_CONVERSION = YES;
				CLANG_WARN_NON_LITERAL_NULL_CONVERSION = YES;
				CLANG_WARN_OBJC_IMPLICIT_RETAIN_SELF = YES;
				CLANG_WARN_OBJC_LITERAL_CONVERSION = YES;
				CLANG_WARN_OBJC_ROOT_CLASS = YES_ERROR;
				CLANG_WARN_QUOTED_INCLUDE_IN_FRAMEWORK_HEADER = YES;
				CLANG_WARN_RANGE_LOOP_ANALYSIS = YES;
				CLANG_WARN_STRICT_PROTOTYPES = YES;
				CLANG_WARN_SUSPICIOUS_MOVE = YES;
				CLANG_WARN_UNGUARDED_AVAILABILITY = YES_AGGRESSIVE;
				CLANG_WARN_UNREACHABLE_CODE = YES;
				CLANG_WARN__DUPLICATE_METHOD_MATCH = YES;
				COPY_PHASE_STRIP = NO;
				DEBUG_INFORMATION_FORMAT = dwarf;
				ENABLE_STRICT_OBJC_MSGSEND = YES;
				ENABLE_TESTABILITY = YES;
				ENABLE_USER_SCRIPT_SANDBOXING = YES;
				GCC_C_LANGUAGE_STANDARD = gnu17;
				GCC_DYNAMIC_NO_PIC = NO;
				GCC_NO_COMMON_BLOCKS = YES;
				GCC_OPTIMIZATION_LEVEL = 0;
				GCC_PREPROCESSOR_DEFINITIONS = (
					"DEBUG=1",
					"$(inherited)",
				);
				GCC_WARN_64_TO_32_BIT_CONVERSION = YES;
				GCC_WARN_ABOUT_RETURN_TYPE = YES_ERROR;
				GCC_WARN_UNDECLARED_SELECTOR = YES;
				GCC_WARN_UNINITIALIZED_AUTOS = YES_AGGRESSIVE;
				GCC_WARN_UNUSED_FUNCTION = YES;
				GCC_WARN_UNUSED_VARIABLE = YES;
				IPHONEOS_DEPLOYMENT_TARGET = 15.0;
				LOCALIZATION_PREFERS_STRING_CATALOGS = YES;
				MTL_ENABLE_DEBUG_INFO = INCLUDE_SOURCE;
				MTL_FAST_MATH = YES;
				ONLY_ACTIVE_ARCH = YES;
				SDKROOT = iphoneos;
				SWIFT_ACTIVE_COMPILATION_CONDITIONS = "DEBUG $(inherited)";
				SWIFT_OPTIMIZATION_LEVEL = "-Onone";
			};
			name = Debug;
		};
		3B9A78672BEE57CE00943945 /* Release */ = {
			isa = XCBuildConfiguration;
			buildSettings = {
				ALWAYS_SEARCH_USER_PATHS = NO;
				ASSETCATALOG_COMPILER_GENERATE_SWIFT_ASSET_SYMBOL_EXTENSIONS = YES;
				CLANG_ANALYZER_NONNULL = YES;
				CLANG_ANALYZER_NUMBER_OBJECT_CONVERSION = YES_AGGRESSIVE;
				CLANG_CXX_LANGUAGE_STANDARD = "gnu++20";
				CLANG_ENABLE_MODULES = YES;
				CLANG_ENABLE_OBJC_ARC = YES;
				CLANG_ENABLE_OBJC_WEAK = YES;
				CLANG_WARN_BLOCK_CAPTURE_AUTORELEASING = YES;
				CLANG_WARN_BOOL_CONVERSION = YES;
				CLANG_WARN_COMMA = YES;
				CLANG_WARN_CONSTANT_CONVERSION = YES;
				CLANG_WARN_DEPRECATED_OBJC_IMPLEMENTATIONS = YES;
				CLANG_WARN_DIRECT_OBJC_ISA_USAGE = YES_ERROR;
				CLANG_WARN_DOCUMENTATION_COMMENTS = YES;
				CLANG_WARN_EMPTY_BODY = YES;
				CLANG_WARN_ENUM_CONVERSION = YES;
				CLANG_WARN_INFINITE_RECURSION = YES;
				CLANG_WARN_INT_CONVERSION = YES;
				CLANG_WARN_NON_LITERAL_NULL_CONVERSION = YES;
				CLANG_WARN_OBJC_IMPLICIT_RETAIN_SELF = YES;
				CLANG_WARN_OBJC_LITERAL_CONVERSION = YES;
				CLANG_WARN_OBJC_ROOT_CLASS = YES_ERROR;
				CLANG_WARN_QUOTED_INCLUDE_IN_FRAMEWORK_HEADER = YES;
				CLANG_WARN_RANGE_LOOP_ANALYSIS = YES;
				CLANG_WARN_STRICT_PROTOTYPES = YES;
				CLANG_WARN_SUSPICIOUS_MOVE = YES;
				CLANG_WARN_UNGUARDED_AVAILABILITY = YES_AGGRESSIVE;
				CLANG_WARN_UNREACHABLE_CODE = YES;
				CLANG_WARN__DUPLICATE_METHOD_MATCH = YES;
				COPY_PHASE_STRIP = NO;
				DEBUG_INFORMATION_FORMAT = "dwarf-with-dsym";
				ENABLE_NS_ASSERTIONS = NO;
				ENABLE_STRICT_OBJC_MSGSEND = YES;
				ENABLE_USER_SCRIPT_SANDBOXING = YES;
				GCC_C_LANGUAGE_STANDARD = gnu17;
				GCC_NO_COMMON_BLOCKS = YES;
				GCC_WARN_64_TO_32_BIT_CONVERSION = YES;
				GCC_WARN_ABOUT_RETURN_TYPE = YES_ERROR;
				GCC_WARN_UNDECLARED_SELECTOR = YES;
				GCC_WARN_UNINITIALIZED_AUTOS = YES_AGGRESSIVE;
				GCC_WARN_UNUSED_FUNCTION = YES;
				GCC_WARN_UNUSED_VARIABLE = YES;
				IPHONEOS_DEPLOYMENT_TARGET = 15.0;
				LOCALIZATION_PREFERS_STRING_CATALOGS = YES;
				MTL_ENABLE_DEBUG_INFO = NO;
				MTL_FAST_MATH = YES;
				SDKROOT = iphoneos;
				SWIFT_COMPILATION_MODE = wholemodule;
				VALIDATE_PRODUCT = YES;
			};
			name = Release;
		};
		3B9A78692BEE57CE00943945 /* Debug */ = {
			isa = XCBuildConfiguration;
			buildSettings = {
				ASSETCATALOG_COMPILER_APPICON_NAME = AppIcon;
				ASSETCATALOG_COMPILER_GLOBAL_ACCENT_COLOR_NAME = AccentColor;
				CODE_SIGN_STYLE = Automatic;
				CURRENT_PROJECT_VERSION = 1;
				DEVELOPMENT_TEAM = GC4L7S8Y7X;
				GENERATE_INFOPLIST_FILE = YES;
				INFOPLIST_FILE = SwiftChat/Info.plist;
				INFOPLIST_KEY_UIApplicationSupportsIndirectInputEvents = YES;
				INFOPLIST_KEY_UILaunchStoryboardName = LaunchScreen;
				INFOPLIST_KEY_UISupportedInterfaceOrientations_iPad = "UIInterfaceOrientationPortrait UIInterfaceOrientationPortraitUpsideDown UIInterfaceOrientationLandscapeLeft UIInterfaceOrientationLandscapeRight";
				INFOPLIST_KEY_UISupportedInterfaceOrientations_iPhone = "UIInterfaceOrientationPortrait UIInterfaceOrientationLandscapeLeft UIInterfaceOrientationLandscapeRight";
				IPHONEOS_DEPLOYMENT_TARGET = 15.0;
				LD_RUNPATH_SEARCH_PATHS = (
					"$(inherited)",
					"@executable_path/Frameworks",
				);
				MARKETING_VERSION = 1.0;
				PRODUCT_BUNDLE_IDENTIFIER = com.muharremkoroglu.SwiftChat;
				PRODUCT_NAME = "$(TARGET_NAME)";
				SWIFT_EMIT_LOC_STRINGS = YES;
				SWIFT_VERSION = 5.0;
				TARGETED_DEVICE_FAMILY = "1,2";
			};
			name = Debug;
		};
		3B9A786A2BEE57CE00943945 /* Release */ = {
			isa = XCBuildConfiguration;
			buildSettings = {
				ASSETCATALOG_COMPILER_APPICON_NAME = AppIcon;
				ASSETCATALOG_COMPILER_GLOBAL_ACCENT_COLOR_NAME = AccentColor;
				CODE_SIGN_STYLE = Automatic;
				CURRENT_PROJECT_VERSION = 1;
				DEVELOPMENT_TEAM = GC4L7S8Y7X;
				GENERATE_INFOPLIST_FILE = YES;
				INFOPLIST_FILE = SwiftChat/Info.plist;
				INFOPLIST_KEY_UIApplicationSupportsIndirectInputEvents = YES;
				INFOPLIST_KEY_UILaunchStoryboardName = LaunchScreen;
				INFOPLIST_KEY_UISupportedInterfaceOrientations_iPad = "UIInterfaceOrientationPortrait UIInterfaceOrientationPortraitUpsideDown UIInterfaceOrientationLandscapeLeft UIInterfaceOrientationLandscapeRight";
				INFOPLIST_KEY_UISupportedInterfaceOrientations_iPhone = "UIInterfaceOrientationPortrait UIInterfaceOrientationLandscapeLeft UIInterfaceOrientationLandscapeRight";
				IPHONEOS_DEPLOYMENT_TARGET = 15.0;
				LD_RUNPATH_SEARCH_PATHS = (
					"$(inherited)",
					"@executable_path/Frameworks",
				);
				MARKETING_VERSION = 1.0;
				PRODUCT_BUNDLE_IDENTIFIER = com.muharremkoroglu.SwiftChat;
				PRODUCT_NAME = "$(TARGET_NAME)";
				SWIFT_EMIT_LOC_STRINGS = YES;
				SWIFT_VERSION = 5.0;
				TARGETED_DEVICE_FAMILY = "1,2";
			};
			name = Release;
		};
/* End XCBuildConfiguration section */

/* Begin XCConfigurationList section */
		3B9A784F2BEE57CD00943945 /* Build configuration list for PBXProject "SwiftChat" */ = {
			isa = XCConfigurationList;
			buildConfigurations = (
				3B9A78662BEE57CE00943945 /* Debug */,
				3B9A78672BEE57CE00943945 /* Release */,
			);
			defaultConfigurationIsVisible = 0;
			defaultConfigurationName = Release;
		};
		3B9A78682BEE57CE00943945 /* Build configuration list for PBXNativeTarget "SwiftChat" */ = {
			isa = XCConfigurationList;
			buildConfigurations = (
				3B9A78692BEE57CE00943945 /* Debug */,
				3B9A786A2BEE57CE00943945 /* Release */,
			);
			defaultConfigurationIsVisible = 0;
			defaultConfigurationName = Release;
		};
/* End XCConfigurationList section */

/* Begin XCRemoteSwiftPackageReference section */
		3B2154D82C0DFD8B0013501A /* XCRemoteSwiftPackageReference "firebase-ios-sdk" */ = {
			isa = XCRemoteSwiftPackageReference;
			repositoryURL = "https://github.com/firebase/firebase-ios-sdk";
			requirement = {
				kind = upToNextMajorVersion;
				minimumVersion = 10.27.0;
			};
		};
		3B2155162C0E02AE0013501A /* XCRemoteSwiftPackageReference "GoogleSignIn-iOS" */ = {
			isa = XCRemoteSwiftPackageReference;
			repositoryURL = "https://github.com/google/GoogleSignIn-iOS";
			requirement = {
				kind = upToNextMajorVersion;
				minimumVersion = 7.1.0;
			};
		};
		3B2FB3A42BF7CB680099EA65 /* XCRemoteSwiftPackageReference "RxSwift" */ = {
			isa = XCRemoteSwiftPackageReference;
			repositoryURL = "https://github.com/ReactiveX/RxSwift";
			requirement = {
				kind = upToNextMajorVersion;
				minimumVersion = 6.7.1;
			};
		};
		3B584FD82C04AA5D009BF4D9 /* XCRemoteSwiftPackageReference "lottie-ios" */ = {
			isa = XCRemoteSwiftPackageReference;
			repositoryURL = "https://github.com/airbnb/lottie-ios.git";
			requirement = {
				kind = upToNextMajorVersion;
				minimumVersion = 4.4.3;
			};
		};
/* End XCRemoteSwiftPackageReference section */

/* Begin XCSwiftPackageProductDependency section */
		3B2154E62C0DFE8A0013501A /* FirebaseAuth */ = {
			isa = XCSwiftPackageProductDependency;
			package = 3B2154D82C0DFD8B0013501A /* XCRemoteSwiftPackageReference "firebase-ios-sdk" */;
			productName = FirebaseAuth;
		};
		3B2154F22C0DFE8A0013501A /* FirebaseFirestore */ = {
			isa = XCSwiftPackageProductDependency;
			package = 3B2154D82C0DFD8B0013501A /* XCRemoteSwiftPackageReference "firebase-ios-sdk" */;
			productName = FirebaseFirestore;
		};
		3B2154F62C0DFE8A0013501A /* FirebaseFirestoreSwift */ = {
			isa = XCSwiftPackageProductDependency;
			package = 3B2154D82C0DFD8B0013501A /* XCRemoteSwiftPackageReference "firebase-ios-sdk" */;
			productName = FirebaseFirestoreSwift;
		};
		3B21550C2C0DFE8A0013501A /* FirebaseStorage */ = {
			isa = XCSwiftPackageProductDependency;
			package = 3B2154D82C0DFD8B0013501A /* XCRemoteSwiftPackageReference "firebase-ios-sdk" */;
			productName = FirebaseStorage;
		};
		3B2155172C0E02AE0013501A /* GoogleSignIn */ = {
			isa = XCSwiftPackageProductDependency;
			package = 3B2155162C0E02AE0013501A /* XCRemoteSwiftPackageReference "GoogleSignIn-iOS" */;
			productName = GoogleSignIn;
		};
		3B2155192C0E02AE0013501A /* GoogleSignInSwift */ = {
			isa = XCSwiftPackageProductDependency;
			package = 3B2155162C0E02AE0013501A /* XCRemoteSwiftPackageReference "GoogleSignIn-iOS" */;
			productName = GoogleSignInSwift;
		};
		3B2FB3A52BF7CB680099EA65 /* RxCocoa */ = {
			isa = XCSwiftPackageProductDependency;
			package = 3B2FB3A42BF7CB680099EA65 /* XCRemoteSwiftPackageReference "RxSwift" */;
			productName = RxCocoa;
		};
		3B2FB3A72BF7CB680099EA65 /* RxSwift */ = {
			isa = XCSwiftPackageProductDependency;
			package = 3B2FB3A42BF7CB680099EA65 /* XCRemoteSwiftPackageReference "RxSwift" */;
			productName = RxSwift;
		};
		3B584FD92C04AA5D009BF4D9 /* Lottie */ = {
			isa = XCSwiftPackageProductDependency;
			package = 3B584FD82C04AA5D009BF4D9 /* XCRemoteSwiftPackageReference "lottie-ios" */;
			productName = Lottie;
		};
/* End XCSwiftPackageProductDependency section */
	};
	rootObject = 3B9A784C2BEE57CD00943945 /* Project object */;
}
