// !$*UTF8*$!
{
	archiveVersion = 1;
	classes = {
	};
	objectVersion = 56;
	objects = {

/* Begin PBXBuildFile section */
		3B2B052A2BF238F4007F6F52 /* SettingsViewController.swift in Sources */ = {isa = PBXBuildFile; fileRef = 3B2B05292BF238F4007F6F52 /* SettingsViewController.swift */; };
		3B2B052C2BF2390D007F6F52 /* ChannelsViewController.swift in Sources */ = {isa = PBXBuildFile; fileRef = 3B2B052B2BF2390D007F6F52 /* ChannelsViewController.swift */; };
		3B2B052E2BF24C10007F6F52 /* SCTabBarController.swift in Sources */ = {isa = PBXBuildFile; fileRef = 3B2B052D2BF24C10007F6F52 /* SCTabBarController.swift */; };
		3B49CCD62BF61F720019323D /* ContactsViewController.swift in Sources */ = {isa = PBXBuildFile; fileRef = 3B49CCD52BF61F720019323D /* ContactsViewController.swift */; };
		3B49CCDA2BF645800019323D /* ContactsTableViewCell.swift in Sources */ = {isa = PBXBuildFile; fileRef = 3B49CCD92BF645800019323D /* ContactsTableViewCell.swift */; };
		3B49CCDC2BF646C70019323D /* SCImageDownloader.swift in Sources */ = {isa = PBXBuildFile; fileRef = 3B49CCDB2BF646C70019323D /* SCImageDownloader.swift */; };
		3B49CCDE2BF662AF0019323D /* Extensions.swift in Sources */ = {isa = PBXBuildFile; fileRef = 3B49CCDD2BF662AF0019323D /* Extensions.swift */; };
		3B49CCE22BF66A450019323D /* ContactsView.swift in Sources */ = {isa = PBXBuildFile; fileRef = 3B49CCE12BF66A450019323D /* ContactsView.swift */; };
		3B51D1DC2BF37A5100145F77 /* NetworkService.swift in Sources */ = {isa = PBXBuildFile; fileRef = 3B51D1DB2BF37A5100145F77 /* NetworkService.swift */; };
		3B51D1DF2BF37CF700145F77 /* ContactsResponseModel.swift in Sources */ = {isa = PBXBuildFile; fileRef = 3B51D1DE2BF37CF700145F77 /* ContactsResponseModel.swift */; };
		3B51D1E12BF380E100145F77 /* ContactsRequestModel.swift in Sources */ = {isa = PBXBuildFile; fileRef = 3B51D1E02BF380E100145F77 /* ContactsRequestModel.swift */; };
		3B51D1E32BF3815B00145F77 /* RequestService.swift in Sources */ = {isa = PBXBuildFile; fileRef = 3B51D1E22BF3815B00145F77 /* RequestService.swift */; };
		3B51D1E52BF381C300145F77 /* Constants.swift in Sources */ = {isa = PBXBuildFile; fileRef = 3B51D1E42BF381C300145F77 /* Constants.swift */; };
		3B51D1F02BF39AB700145F77 /* ChatsViewModel.swift in Sources */ = {isa = PBXBuildFile; fileRef = 3B51D1EF2BF39AB700145F77 /* ChatsViewModel.swift */; };
		3B9A78582BEE57CD00943945 /* AppDelegate.swift in Sources */ = {isa = PBXBuildFile; fileRef = 3B9A78572BEE57CD00943945 /* AppDelegate.swift */; };
		3B9A785A2BEE57CD00943945 /* SceneDelegate.swift in Sources */ = {isa = PBXBuildFile; fileRef = 3B9A78592BEE57CD00943945 /* SceneDelegate.swift */; };
		3B9A785C2BEE57CD00943945 /* ChatViewController.swift in Sources */ = {isa = PBXBuildFile; fileRef = 3B9A785B2BEE57CD00943945 /* ChatViewController.swift */; };
		3B9A78612BEE57CE00943945 /* Assets.xcassets in Resources */ = {isa = PBXBuildFile; fileRef = 3B9A78602BEE57CE00943945 /* Assets.xcassets */; };
/* End PBXBuildFile section */

/* Begin PBXFileReference section */
		3B2B05292BF238F4007F6F52 /* SettingsViewController.swift */ = {isa = PBXFileReference; lastKnownFileType = sourcecode.swift; path = SettingsViewController.swift; sourceTree = "<group>"; };
		3B2B052B2BF2390D007F6F52 /* ChannelsViewController.swift */ = {isa = PBXFileReference; lastKnownFileType = sourcecode.swift; path = ChannelsViewController.swift; sourceTree = "<group>"; };
		3B2B052D2BF24C10007F6F52 /* SCTabBarController.swift */ = {isa = PBXFileReference; lastKnownFileType = sourcecode.swift; path = SCTabBarController.swift; sourceTree = "<group>"; };
		3B49CCD52BF61F720019323D /* ContactsViewController.swift */ = {isa = PBXFileReference; lastKnownFileType = sourcecode.swift; path = ContactsViewController.swift; sourceTree = "<group>"; };
		3B49CCD92BF645800019323D /* ContactsTableViewCell.swift */ = {isa = PBXFileReference; lastKnownFileType = sourcecode.swift; path = ContactsTableViewCell.swift; sourceTree = "<group>"; };
		3B49CCDB2BF646C70019323D /* SCImageDownloader.swift */ = {isa = PBXFileReference; lastKnownFileType = sourcecode.swift; path = SCImageDownloader.swift; sourceTree = "<group>"; };
		3B49CCDD2BF662AF0019323D /* Extensions.swift */ = {isa = PBXFileReference; lastKnownFileType = sourcecode.swift; path = Extensions.swift; sourceTree = "<group>"; };
		3B49CCE12BF66A450019323D /* ContactsView.swift */ = {isa = PBXFileReference; lastKnownFileType = sourcecode.swift; path = ContactsView.swift; sourceTree = "<group>"; };
		3B51D1DB2BF37A5100145F77 /* NetworkService.swift */ = {isa = PBXFileReference; lastKnownFileType = sourcecode.swift; path = NetworkService.swift; sourceTree = "<group>"; };
		3B51D1DE2BF37CF700145F77 /* ContactsResponseModel.swift */ = {isa = PBXFileReference; lastKnownFileType = sourcecode.swift; path = ContactsResponseModel.swift; sourceTree = "<group>"; };
		3B51D1E02BF380E100145F77 /* ContactsRequestModel.swift */ = {isa = PBXFileReference; lastKnownFileType = sourcecode.swift; path = ContactsRequestModel.swift; sourceTree = "<group>"; };
		3B51D1E22BF3815B00145F77 /* RequestService.swift */ = {isa = PBXFileReference; lastKnownFileType = sourcecode.swift; path = RequestService.swift; sourceTree = "<group>"; };
		3B51D1E42BF381C300145F77 /* Constants.swift */ = {isa = PBXFileReference; lastKnownFileType = sourcecode.swift; path = Constants.swift; sourceTree = "<group>"; };
		3B51D1EF2BF39AB700145F77 /* ChatsViewModel.swift */ = {isa = PBXFileReference; lastKnownFileType = sourcecode.swift; path = ChatsViewModel.swift; sourceTree = "<group>"; };
		3B9A78542BEE57CD00943945 /* SwiftChat.app */ = {isa = PBXFileReference; explicitFileType = wrapper.application; includeInIndex = 0; path = SwiftChat.app; sourceTree = BUILT_PRODUCTS_DIR; };
		3B9A78572BEE57CD00943945 /* AppDelegate.swift */ = {isa = PBXFileReference; lastKnownFileType = sourcecode.swift; path = AppDelegate.swift; sourceTree = "<group>"; };
		3B9A78592BEE57CD00943945 /* SceneDelegate.swift */ = {isa = PBXFileReference; lastKnownFileType = sourcecode.swift; path = SceneDelegate.swift; sourceTree = "<group>"; };
		3B9A785B2BEE57CD00943945 /* ChatViewController.swift */ = {isa = PBXFileReference; lastKnownFileType = sourcecode.swift; path = ChatViewController.swift; sourceTree = "<group>"; };
		3B9A78602BEE57CE00943945 /* Assets.xcassets */ = {isa = PBXFileReference; lastKnownFileType = folder.assetcatalog; path = Assets.xcassets; sourceTree = "<group>"; };
		3B9A78652BEE57CE00943945 /* Info.plist */ = {isa = PBXFileReference; lastKnownFileType = text.plist.xml; path = Info.plist; sourceTree = "<group>"; };
/* End PBXFileReference section */

/* Begin PBXFrameworksBuildPhase section */
		3B9A78512BEE57CD00943945 /* Frameworks */ = {
			isa = PBXFrameworksBuildPhase;
			buildActionMask = 2147483647;
			files = (
			);
			runOnlyForDeploymentPostprocessing = 0;
		};
/* End PBXFrameworksBuildPhase section */

/* Begin PBXGroup section */
		3B2B05232BF23884007F6F52 /* Utilities */ = {
			isa = PBXGroup;
			children = (
				3B2B05262BF238AB007F6F52 /* Resources */,
				3B2B05252BF2389A007F6F52 /* Managers */,
				3B2B05242BF2388E007F6F52 /* Helpers */,
			);
			path = Utilities;
			sourceTree = "<group>";
		};
		3B2B05242BF2388E007F6F52 /* Helpers */ = {
			isa = PBXGroup;
			children = (
				3B51D1E42BF381C300145F77 /* Constants.swift */,
				3B49CCDD2BF662AF0019323D /* Extensions.swift */,
			);
			path = Helpers;
			sourceTree = "<group>";
		};
		3B2B05252BF2389A007F6F52 /* Managers */ = {
			isa = PBXGroup;
			children = (
				3B49CCDB2BF646C70019323D /* SCImageDownloader.swift */,
			);
			path = Managers;
			sourceTree = "<group>";
		};
		3B2B05262BF238AB007F6F52 /* Resources */ = {
			isa = PBXGroup;
			children = (
				3B9A78572BEE57CD00943945 /* AppDelegate.swift */,
				3B9A78592BEE57CD00943945 /* SceneDelegate.swift */,
				3B9A78602BEE57CE00943945 /* Assets.xcassets */,
			);
			path = Resources;
			sourceTree = "<group>";
		};
		3B2B05272BF238D2007F6F52 /* Core */ = {
			isa = PBXGroup;
			children = (
				3B2B05282BF238D8007F6F52 /* RootController */,
				3B51D1E62BF39A0F00145F77 /* Chats */,
				3B49CCD22BF61EF60019323D /* Contacts */,
				3B51D1E92BF39A4A00145F77 /* Channels */,
				3B51D1EC2BF39A6C00145F77 /* Settings */,
			);
			path = Core;
			sourceTree = "<group>";
		};
		3B2B05282BF238D8007F6F52 /* RootController */ = {
			isa = PBXGroup;
			children = (
				3B2B052D2BF24C10007F6F52 /* SCTabBarController.swift */,
			);
			path = RootController;
			sourceTree = "<group>";
		};
		3B49CCD22BF61EF60019323D /* Contacts */ = {
			isa = PBXGroup;
			children = (
				3B49CCD42BF61F120019323D /* ViewController */,
				3B49CCD82BF6455E0019323D /* Views */,
				3B49CCD32BF61F090019323D /* ViewModel */,
			);
			path = Contacts;
			sourceTree = "<group>";
		};
		3B49CCD32BF61F090019323D /* ViewModel */ = {
			isa = PBXGroup;
			children = (
			);
			path = ViewModel;
			sourceTree = "<group>";
		};
		3B49CCD42BF61F120019323D /* ViewController */ = {
			isa = PBXGroup;
			children = (
				3B49CCD52BF61F720019323D /* ContactsViewController.swift */,
			);
			path = ViewController;
			sourceTree = "<group>";
		};
		3B49CCD72BF645280019323D /* Views */ = {
			isa = PBXGroup;
			children = (
			);
			path = Views;
			sourceTree = "<group>";
		};
		3B49CCD82BF6455E0019323D /* Views */ = {
			isa = PBXGroup;
			children = (
				3B49CCE12BF66A450019323D /* ContactsView.swift */,
				3B49CCD92BF645800019323D /* ContactsTableViewCell.swift */,
			);
			path = Views;
			sourceTree = "<group>";
		};
		3B51D1DA2BF37A3300145F77 /* Services */ = {
			isa = PBXGroup;
			children = (
				3B51D1DB2BF37A5100145F77 /* NetworkService.swift */,
				3B51D1E22BF3815B00145F77 /* RequestService.swift */,
			);
			path = Services;
			sourceTree = "<group>";
		};
		3B51D1DD2BF37CE300145F77 /* Models */ = {
			isa = PBXGroup;
			children = (
				3B51D1DE2BF37CF700145F77 /* ContactsResponseModel.swift */,
				3B51D1E02BF380E100145F77 /* ContactsRequestModel.swift */,
			);
			path = Models;
			sourceTree = "<group>";
		};
		3B51D1E62BF39A0F00145F77 /* Chats */ = {
			isa = PBXGroup;
			children = (
				3B51D1E72BF39A1800145F77 /* ViewController */,
				3B49CCD72BF645280019323D /* Views */,
				3B51D1E82BF39A2F00145F77 /* ViewModel */,
			);
			path = Chats;
			sourceTree = "<group>";
		};
		3B51D1E72BF39A1800145F77 /* ViewController */ = {
			isa = PBXGroup;
			children = (
				3B9A785B2BEE57CD00943945 /* ChatViewController.swift */,
			);
			path = ViewController;
			sourceTree = "<group>";
		};
		3B51D1E82BF39A2F00145F77 /* ViewModel */ = {
			isa = PBXGroup;
			children = (
				3B51D1EF2BF39AB700145F77 /* ChatsViewModel.swift */,
			);
			path = ViewModel;
			sourceTree = "<group>";
		};
		3B51D1E92BF39A4A00145F77 /* Channels */ = {
			isa = PBXGroup;
			children = (
				3B51D1EB2BF39A5E00145F77 /* ViewModels */,
				3B51D1EA2BF39A5100145F77 /* ViewController */,
			);
			path = Channels;
			sourceTree = "<group>";
		};
		3B51D1EA2BF39A5100145F77 /* ViewController */ = {
			isa = PBXGroup;
			children = (
				3B2B052B2BF2390D007F6F52 /* ChannelsViewController.swift */,
			);
			path = ViewController;
			sourceTree = "<group>";
		};
		3B51D1EB2BF39A5E00145F77 /* ViewModels */ = {
			isa = PBXGroup;
			children = (
			);
			path = ViewModels;
			sourceTree = "<group>";
		};
		3B51D1EC2BF39A6C00145F77 /* Settings */ = {
			isa = PBXGroup;
			children = (
				3B51D1EE2BF39A7C00145F77 /* ViewModel */,
				3B51D1ED2BF39A7500145F77 /* ViewController */,
			);
			path = Settings;
			sourceTree = "<group>";
		};
		3B51D1ED2BF39A7500145F77 /* ViewController */ = {
			isa = PBXGroup;
			children = (
				3B2B05292BF238F4007F6F52 /* SettingsViewController.swift */,
			);
			path = ViewController;
			sourceTree = "<group>";
		};
		3B51D1EE2BF39A7C00145F77 /* ViewModel */ = {
			isa = PBXGroup;
			children = (
			);
			path = ViewModel;
			sourceTree = "<group>";
		};
		3B9A784B2BEE57CD00943945 = {
			isa = PBXGroup;
			children = (
				3B9A78562BEE57CD00943945 /* SwiftChat */,
				3B9A78552BEE57CD00943945 /* Products */,
			);
			sourceTree = "<group>";
		};
		3B9A78552BEE57CD00943945 /* Products */ = {
			isa = PBXGroup;
			children = (
				3B9A78542BEE57CD00943945 /* SwiftChat.app */,
			);
			name = Products;
			sourceTree = "<group>";
		};
		3B9A78562BEE57CD00943945 /* SwiftChat */ = {
			isa = PBXGroup;
			children = (
				3B2B05272BF238D2007F6F52 /* Core */,
				3B51D1DA2BF37A3300145F77 /* Services */,
				3B51D1DD2BF37CE300145F77 /* Models */,
				3B2B05232BF23884007F6F52 /* Utilities */,
				3B9A78652BEE57CE00943945 /* Info.plist */,
			);
			path = SwiftChat;
			sourceTree = "<group>";
		};
/* End PBXGroup section */

/* Begin PBXNativeTarget section */
		3B9A78532BEE57CD00943945 /* SwiftChat */ = {
			isa = PBXNativeTarget;
			buildConfigurationList = 3B9A78682BEE57CE00943945 /* Build configuration list for PBXNativeTarget "SwiftChat" */;
			buildPhases = (
				3B9A78502BEE57CD00943945 /* Sources */,
				3B9A78512BEE57CD00943945 /* Frameworks */,
				3B9A78522BEE57CD00943945 /* Resources */,
			);
			buildRules = (
			);
			dependencies = (
			);
			name = SwiftChat;
			productName = SwiftChat;
			productReference = 3B9A78542BEE57CD00943945 /* SwiftChat.app */;
			productType = "com.apple.product-type.application";
		};
/* End PBXNativeTarget section */

/* Begin PBXProject section */
		3B9A784C2BEE57CD00943945 /* Project object */ = {
			isa = PBXProject;
			attributes = {
				BuildIndependentTargetsInParallel = 1;
				LastSwiftUpdateCheck = 1530;
				LastUpgradeCheck = 1530;
				TargetAttributes = {
					3B9A78532BEE57CD00943945 = {
						CreatedOnToolsVersion = 15.3;
					};
				};
			};
			buildConfigurationList = 3B9A784F2BEE57CD00943945 /* Build configuration list for PBXProject "SwiftChat" */;
			compatibilityVersion = "Xcode 14.0";
			developmentRegion = en;
			hasScannedForEncodings = 0;
			knownRegions = (
				en,
				Base,
			);
			mainGroup = 3B9A784B2BEE57CD00943945;
			productRefGroup = 3B9A78552BEE57CD00943945 /* Products */;
			projectDirPath = "";
			projectRoot = "";
			targets = (
				3B9A78532BEE57CD00943945 /* SwiftChat */,
			);
		};
/* End PBXProject section */

/* Begin PBXResourcesBuildPhase section */
		3B9A78522BEE57CD00943945 /* Resources */ = {
			isa = PBXResourcesBuildPhase;
			buildActionMask = 2147483647;
			files = (
				3B9A78612BEE57CE00943945 /* Assets.xcassets in Resources */,
			);
			runOnlyForDeploymentPostprocessing = 0;
		};
/* End PBXResourcesBuildPhase section */

/* Begin PBXSourcesBuildPhase section */
		3B9A78502BEE57CD00943945 /* Sources */ = {
			isa = PBXSourcesBuildPhase;
			buildActionMask = 2147483647;
			files = (
				3B49CCDA2BF645800019323D /* ContactsTableViewCell.swift in Sources */,
				3B2B052C2BF2390D007F6F52 /* ChannelsViewController.swift in Sources */,
				3B49CCD62BF61F720019323D /* ContactsViewController.swift in Sources */,
				3B51D1E52BF381C300145F77 /* Constants.swift in Sources */,
				3B51D1E12BF380E100145F77 /* ContactsRequestModel.swift in Sources */,
				3B9A785C2BEE57CD00943945 /* ChatViewController.swift in Sources */,
				3B51D1E32BF3815B00145F77 /* RequestService.swift in Sources */,
				3B9A78582BEE57CD00943945 /* AppDelegate.swift in Sources */,
				3B51D1F02BF39AB700145F77 /* ChatsViewModel.swift in Sources */,
				3B2B052E2BF24C10007F6F52 /* SCTabBarController.swift in Sources */,
				3B9A785A2BEE57CD00943945 /* SceneDelegate.swift in Sources */,
				3B49CCDE2BF662AF0019323D /* Extensions.swift in Sources */,
				3B49CCDC2BF646C70019323D /* SCImageDownloader.swift in Sources */,
				3B51D1DF2BF37CF700145F77 /* ContactsResponseModel.swift in Sources */,
				3B49CCE22BF66A450019323D /* ContactsView.swift in Sources */,
				3B2B052A2BF238F4007F6F52 /* SettingsViewController.swift in Sources */,
				3B51D1DC2BF37A5100145F77 /* NetworkService.swift in Sources */,
			);
			runOnlyForDeploymentPostprocessing = 0;
		};
/* End PBXSourcesBuildPhase section */

/* Begin XCBuildConfiguration section */
		3B9A78662BEE57CE00943945 /* Debug */ = {
			isa = XCBuildConfiguration;
			buildSettings = {
				ALWAYS_SEARCH_USER_PATHS = NO;
				ASSETCATALOG_COMPILER_GENERATE_SWIFT_ASSET_SYMBOL_EXTENSIONS = YES;
				CLANG_ANALYZER_NONNULL = YES;
				CLANG_ANALYZER_NUMBER_OBJECT_CONVERSION = YES_AGGRESSIVE;
				CLANG_CXX_LANGUAGE_STANDARD = "gnu++20";
				CLANG_ENABLE_MODULES = YES;
				CLANG_ENABLE_OBJC_ARC = YES;
				CLANG_ENABLE_OBJC_WEAK = YES;
				CLANG_WARN_BLOCK_CAPTURE_AUTORELEASING = YES;
				CLANG_WARN_BOOL_CONVERSION = YES;
				CLANG_WARN_COMMA = YES;
				CLANG_WARN_CONSTANT_CONVERSION = YES;
				CLANG_WARN_DEPRECATED_OBJC_IMPLEMENTATIONS = YES;
				CLANG_WARN_DIRECT_OBJC_ISA_USAGE = YES_ERROR;
				CLANG_WARN_DOCUMENTATION_COMMENTS = YES;
				CLANG_WARN_EMPTY_BODY = YES;
				CLANG_WARN_ENUM_CONVERSION = YES;
				CLANG_WARN_INFINITE_RECURSION = YES;
				CLANG_WARN_INT_CONVERSION = YES;
				CLANG_WARN_NON_LITERAL_NULL_CONVERSION = YES;
				CLANG_WARN_OBJC_IMPLICIT_RETAIN_SELF = YES;
				CLANG_WARN_OBJC_LITERAL_CONVERSION = YES;
				CLANG_WARN_OBJC_ROOT_CLASS = YES_ERROR;
				CLANG_WARN_QUOTED_INCLUDE_IN_FRAMEWORK_HEADER = YES;
				CLANG_WARN_RANGE_LOOP_ANALYSIS = YES;
				CLANG_WARN_STRICT_PROTOTYPES = YES;
				CLANG_WARN_SUSPICIOUS_MOVE = YES;
				CLANG_WARN_UNGUARDED_AVAILABILITY = YES_AGGRESSIVE;
				CLANG_WARN_UNREACHABLE_CODE = YES;
				CLANG_WARN__DUPLICATE_METHOD_MATCH = YES;
				COPY_PHASE_STRIP = NO;
				DEBUG_INFORMATION_FORMAT = dwarf;
				ENABLE_STRICT_OBJC_MSGSEND = YES;
				ENABLE_TESTABILITY = YES;
				ENABLE_USER_SCRIPT_SANDBOXING = YES;
				GCC_C_LANGUAGE_STANDARD = gnu17;
				GCC_DYNAMIC_NO_PIC = NO;
				GCC_NO_COMMON_BLOCKS = YES;
				GCC_OPTIMIZATION_LEVEL = 0;
				GCC_PREPROCESSOR_DEFINITIONS = (
					"DEBUG=1",
					"$(inherited)",
				);
				GCC_WARN_64_TO_32_BIT_CONVERSION = YES;
				GCC_WARN_ABOUT_RETURN_TYPE = YES_ERROR;
				GCC_WARN_UNDECLARED_SELECTOR = YES;
				GCC_WARN_UNINITIALIZED_AUTOS = YES_AGGRESSIVE;
				GCC_WARN_UNUSED_FUNCTION = YES;
				GCC_WARN_UNUSED_VARIABLE = YES;
				IPHONEOS_DEPLOYMENT_TARGET = 17.4;
				LOCALIZATION_PREFERS_STRING_CATALOGS = YES;
				MTL_ENABLE_DEBUG_INFO = INCLUDE_SOURCE;
				MTL_FAST_MATH = YES;
				ONLY_ACTIVE_ARCH = YES;
				SDKROOT = iphoneos;
				SWIFT_ACTIVE_COMPILATION_CONDITIONS = "DEBUG $(inherited)";
				SWIFT_OPTIMIZATION_LEVEL = "-Onone";
			};
			name = Debug;
		};
		3B9A78672BEE57CE00943945 /* Release */ = {
			isa = XCBuildConfiguration;
			buildSettings = {
				ALWAYS_SEARCH_USER_PATHS = NO;
				ASSETCATALOG_COMPILER_GENERATE_SWIFT_ASSET_SYMBOL_EXTENSIONS = YES;
				CLANG_ANALYZER_NONNULL = YES;
				CLANG_ANALYZER_NUMBER_OBJECT_CONVERSION = YES_AGGRESSIVE;
				CLANG_CXX_LANGUAGE_STANDARD = "gnu++20";
				CLANG_ENABLE_MODULES = YES;
				CLANG_ENABLE_OBJC_ARC = YES;
				CLANG_ENABLE_OBJC_WEAK = YES;
				CLANG_WARN_BLOCK_CAPTURE_AUTORELEASING = YES;
				CLANG_WARN_BOOL_CONVERSION = YES;
				CLANG_WARN_COMMA = YES;
				CLANG_WARN_CONSTANT_CONVERSION = YES;
				CLANG_WARN_DEPRECATED_OBJC_IMPLEMENTATIONS = YES;
				CLANG_WARN_DIRECT_OBJC_ISA_USAGE = YES_ERROR;
				CLANG_WARN_DOCUMENTATION_COMMENTS = YES;
				CLANG_WARN_EMPTY_BODY = YES;
				CLANG_WARN_ENUM_CONVERSION = YES;
				CLANG_WARN_INFINITE_RECURSION = YES;
				CLANG_WARN_INT_CONVERSION = YES;
				CLANG_WARN_NON_LITERAL_NULL_CONVERSION = YES;
				CLANG_WARN_OBJC_IMPLICIT_RETAIN_SELF = YES;
				CLANG_WARN_OBJC_LITERAL_CONVERSION = YES;
				CLANG_WARN_OBJC_ROOT_CLASS = YES_ERROR;
				CLANG_WARN_QUOTED_INCLUDE_IN_FRAMEWORK_HEADER = YES;
				CLANG_WARN_RANGE_LOOP_ANALYSIS = YES;
				CLANG_WARN_STRICT_PROTOTYPES = YES;
				CLANG_WARN_SUSPICIOUS_MOVE = YES;
				CLANG_WARN_UNGUARDED_AVAILABILITY = YES_AGGRESSIVE;
				CLANG_WARN_UNREACHABLE_CODE = YES;
				CLANG_WARN__DUPLICATE_METHOD_MATCH = YES;
				COPY_PHASE_STRIP = NO;
				DEBUG_INFORMATION_FORMAT = "dwarf-with-dsym";
				ENABLE_NS_ASSERTIONS = NO;
				ENABLE_STRICT_OBJC_MSGSEND = YES;
				ENABLE_USER_SCRIPT_SANDBOXING = YES;
				GCC_C_LANGUAGE_STANDARD = gnu17;
				GCC_NO_COMMON_BLOCKS = YES;
				GCC_WARN_64_TO_32_BIT_CONVERSION = YES;
				GCC_WARN_ABOUT_RETURN_TYPE = YES_ERROR;
				GCC_WARN_UNDECLARED_SELECTOR = YES;
				GCC_WARN_UNINITIALIZED_AUTOS = YES_AGGRESSIVE;
				GCC_WARN_UNUSED_FUNCTION = YES;
				GCC_WARN_UNUSED_VARIABLE = YES;
				IPHONEOS_DEPLOYMENT_TARGET = 17.4;
				LOCALIZATION_PREFERS_STRING_CATALOGS = YES;
				MTL_ENABLE_DEBUG_INFO = NO;
				MTL_FAST_MATH = YES;
				SDKROOT = iphoneos;
				SWIFT_COMPILATION_MODE = wholemodule;
				VALIDATE_PRODUCT = YES;
			};
			name = Release;
		};
		3B9A78692BEE57CE00943945 /* Debug */ = {
			isa = XCBuildConfiguration;
			buildSettings = {
				ASSETCATALOG_COMPILER_APPICON_NAME = AppIcon;
				ASSETCATALOG_COMPILER_GLOBAL_ACCENT_COLOR_NAME = AccentColor;
				CODE_SIGN_STYLE = Automatic;
				CURRENT_PROJECT_VERSION = 1;
				DEVELOPMENT_TEAM = GC4L7S8Y7X;
				GENERATE_INFOPLIST_FILE = YES;
				INFOPLIST_FILE = SwiftChat/Info.plist;
				INFOPLIST_KEY_UIApplicationSupportsIndirectInputEvents = YES;
				INFOPLIST_KEY_UILaunchStoryboardName = LaunchScreen;
				INFOPLIST_KEY_UISupportedInterfaceOrientations_iPad = "UIInterfaceOrientationPortrait UIInterfaceOrientationPortraitUpsideDown UIInterfaceOrientationLandscapeLeft UIInterfaceOrientationLandscapeRight";
				INFOPLIST_KEY_UISupportedInterfaceOrientations_iPhone = "UIInterfaceOrientationPortrait UIInterfaceOrientationLandscapeLeft UIInterfaceOrientationLandscapeRight";
				LD_RUNPATH_SEARCH_PATHS = (
					"$(inherited)",
					"@executable_path/Frameworks",
				);
				MARKETING_VERSION = 1.0;
				PRODUCT_BUNDLE_IDENTIFIER = com.muharremkoroglu.SwiftChat;
				PRODUCT_NAME = "$(TARGET_NAME)";
				SWIFT_EMIT_LOC_STRINGS = YES;
				SWIFT_VERSION = 5.0;
				TARGETED_DEVICE_FAMILY = "1,2";
			};
			name = Debug;
		};
		3B9A786A2BEE57CE00943945 /* Release */ = {
			isa = XCBuildConfiguration;
			buildSettings = {
				ASSETCATALOG_COMPILER_APPICON_NAME = AppIcon;
				ASSETCATALOG_COMPILER_GLOBAL_ACCENT_COLOR_NAME = AccentColor;
				CODE_SIGN_STYLE = Automatic;
				CURRENT_PROJECT_VERSION = 1;
				DEVELOPMENT_TEAM = GC4L7S8Y7X;
				GENERATE_INFOPLIST_FILE = YES;
				INFOPLIST_FILE = SwiftChat/Info.plist;
				INFOPLIST_KEY_UIApplicationSupportsIndirectInputEvents = YES;
				INFOPLIST_KEY_UILaunchStoryboardName = LaunchScreen;
				INFOPLIST_KEY_UISupportedInterfaceOrientations_iPad = "UIInterfaceOrientationPortrait UIInterfaceOrientationPortraitUpsideDown UIInterfaceOrientationLandscapeLeft UIInterfaceOrientationLandscapeRight";
				INFOPLIST_KEY_UISupportedInterfaceOrientations_iPhone = "UIInterfaceOrientationPortrait UIInterfaceOrientationLandscapeLeft UIInterfaceOrientationLandscapeRight";
				LD_RUNPATH_SEARCH_PATHS = (
					"$(inherited)",
					"@executable_path/Frameworks",
				);
				MARKETING_VERSION = 1.0;
				PRODUCT_BUNDLE_IDENTIFIER = com.muharremkoroglu.SwiftChat;
				PRODUCT_NAME = "$(TARGET_NAME)";
				SWIFT_EMIT_LOC_STRINGS = YES;
				SWIFT_VERSION = 5.0;
				TARGETED_DEVICE_FAMILY = "1,2";
			};
			name = Release;
		};
/* End XCBuildConfiguration section */

/* Begin XCConfigurationList section */
		3B9A784F2BEE57CD00943945 /* Build configuration list for PBXProject "SwiftChat" */ = {
			isa = XCConfigurationList;
			buildConfigurations = (
				3B9A78662BEE57CE00943945 /* Debug */,
				3B9A78672BEE57CE00943945 /* Release */,
			);
			defaultConfigurationIsVisible = 0;
			defaultConfigurationName = Release;
		};
		3B9A78682BEE57CE00943945 /* Build configuration list for PBXNativeTarget "SwiftChat" */ = {
			isa = XCConfigurationList;
			buildConfigurations = (
				3B9A78692BEE57CE00943945 /* Debug */,
				3B9A786A2BEE57CE00943945 /* Release */,
			);
			defaultConfigurationIsVisible = 0;
			defaultConfigurationName = Release;
		};
/* End XCConfigurationList section */
	};
	rootObject = 3B9A784C2BEE57CD00943945 /* Project object */;
}
